
Microsoft Visual Studio Solution File, Format Version 12.00
# Visual Studio Version 16
VisualStudioVersion = 16.0.31129.286
MinimumVisualStudioVersion = 10.0.40219.1
Project("{FAE04EC0-301F-11D3-BF4B-00C04F79EFBC}") = "IndeXAO", "IndeXAO\IndeXAO.csproj", "{AA135EC6-7DDB-43A0-8755-9973FEFFC772}"
EndProject
Global
	GlobalSection(SolutionConfigurationPlatforms) = preSolution
		Debug|Any CPU = Debug|Any CPU
		Release|Any CPU = Release|Any CPU
	EndGlobalSection
	GlobalSection(ProjectConfigurationPlatforms) = postSolution
		{AA135EC6-7DDB-43A0-8755-9973FEFFC772}.Debug|Any CPU.ActiveCfg = Debug|Any CPU
		{AA135EC6-7DDB-43A0-8755-9973FEFFC772}.Debug|Any CPU.Build.0 = Debug|Any CPU
		{AA135EC6-7DDB-43A0-8755-9973FEFFC772}.Release|Any CPU.ActiveCfg = Release|Any CPU
		{AA135EC6-7DDB-43A0-8755-9973FEFFC772}.Release|Any CPU.Build.0 = Release|Any CPU
	EndGlobalSection
	GlobalSection(SolutionProperties) = preSolution
		HideSolutionNode = FALSE
	EndGlobalSection
	GlobalSection(ExtensibilityGlobals) = postSolution
		SolutionGuid = {E133269E-5EB2-4BE5-BA94-9BA6E808B339}
	EndGlobalSection
EndGlobal
